
Microsoft Visual Studio Solution File, Format Version 12.00
# Visual Studio 15
VisualStudioVersion = 15.0.26730.16
MinimumVisualStudioVersion = 10.0.40219.1
Project("{FAE04EC0-301F-11D3-BF4B-00C04F79EFBC}") = "NoteAppUI", "NoteAppUI\NoteAppUI.csproj", "{E28E856E-92F8-4510-AB2C-A3D0A32A0109}"
EndProject
Project("{FAE04EC0-301F-11D3-BF4B-00C04F79EFBC}") = "NoteApp", "NoteApp\NoteApp.csproj", "{3B30C891-9746-4F7C-9B98-2BCE3C60D4CC}"
EndProject
Project("{FAE04EC0-301F-11D3-BF4B-00C04F79EFBC}") = "NoteApp.UnitTests", "NoteApp.UnitTests\NoteApp.UnitTests.csproj", "{F3D324C4-C5BE-4DCA-9B66-C1AE0FCE9E0C}"
EndProject
Global
	GlobalSection(SolutionConfigurationPlatforms) = preSolution
		Debug|Any CPU = Debug|Any CPU
		Release|Any CPU = Release|Any CPU
	EndGlobalSection
	GlobalSection(ProjectConfigurationPlatforms) = postSolution
		{E28E856E-92F8-4510-AB2C-A3D0A32A0109}.Debug|Any CPU.ActiveCfg = Debug|Any CPU
		{E28E856E-92F8-4510-AB2C-A3D0A32A0109}.Debug|Any CPU.Build.0 = Debug|Any CPU
		{E28E856E-92F8-4510-AB2C-A3D0A32A0109}.Release|Any CPU.ActiveCfg = Release|Any CPU
		{E28E856E-92F8-4510-AB2C-A3D0A32A0109}.Release|Any CPU.Build.0 = Release|Any CPU
		{3B30C891-9746-4F7C-9B98-2BCE3C60D4CC}.Debug|Any CPU.ActiveCfg = Debug|Any CPU
		{3B30C891-9746-4F7C-9B98-2BCE3C60D4CC}.Debug|Any CPU.Build.0 = Debug|Any CPU
		{3B30C891-9746-4F7C-9B98-2BCE3C60D4CC}.Release|Any CPU.ActiveCfg = Release|Any CPU
		{3B30C891-9746-4F7C-9B98-2BCE3C60D4CC}.Release|Any CPU.Build.0 = Release|Any CPU
		{F3D324C4-C5BE-4DCA-9B66-C1AE0FCE9E0C}.Debug|Any CPU.ActiveCfg = Debug|Any CPU
		{F3D324C4-C5BE-4DCA-9B66-C1AE0FCE9E0C}.Debug|Any CPU.Build.0 = Debug|Any CPU
		{F3D324C4-C5BE-4DCA-9B66-C1AE0FCE9E0C}.Release|Any CPU.ActiveCfg = Release|Any CPU
		{F3D324C4-C5BE-4DCA-9B66-C1AE0FCE9E0C}.Release|Any CPU.Build.0 = Release|Any CPU
	EndGlobalSection
	GlobalSection(SolutionProperties) = preSolution
		HideSolutionNode = FALSE
	EndGlobalSection
	GlobalSection(ExtensibilityGlobals) = postSolution
		SolutionGuid = {8EF82A06-8482-4D2E-A37B-2F2697A634C0}
	EndGlobalSection
EndGlobal
